
Microsoft Visual Studio Solution File, Format Version 12.00
# Visual Studio Version 17
VisualStudioVersion = 17.4.33213.308
MinimumVisualStudioVersion = 10.0.40219.1
Project("{FAE04EC0-301F-11D3-BF4B-00C04F79EFBC}") = "WebProgLab1", "WebProgLab1.csproj", "{BEC091C7-DCE8-497A-A645-03CAE9BDCE03}"
EndProject
Global
	GlobalSection(SolutionConfigurationPlatforms) = preSolution
		Debug|Any CPU = Debug|Any CPU
		Release|Any CPU = Release|Any CPU
	EndGlobalSection
	GlobalSection(ProjectConfigurationPlatforms) = postSolution
		{BEC091C7-DCE8-497A-A645-03CAE9BDCE03}.Debug|Any CPU.ActiveCfg = Debug|Any CPU
		{BEC091C7-DCE8-497A-A645-03CAE9BDCE03}.Debug|Any CPU.Build.0 = Debug|Any CPU
		{BEC091C7-DCE8-497A-A645-03CAE9BDCE03}.Release|Any CPU.ActiveCfg = Release|Any CPU
		{BEC091C7-DCE8-497A-A645-03CAE9BDCE03}.Release|Any CPU.Build.0 = Release|Any CPU
	EndGlobalSection
	GlobalSection(SolutionProperties) = preSolution
		HideSolutionNode = FALSE
	EndGlobalSection
	GlobalSection(ExtensibilityGlobals) = postSolution
		SolutionGuid = {05EDD33F-EE6A-46E2-A248-63526EC58534}
	EndGlobalSection
EndGlobal
